// !$*UTF8*$!
{
	archiveVersion = 1;
	classes = {
	};
	objectVersion = 55;
	objects = {

/* Begin PBXBuildFile section */
		8724584A270603C800A88871 /* TodosApp.swift in Sources */ = {isa = PBXBuildFile; fileRef = 8724583A270603C700A88871 /* TodosApp.swift */; };
		8724584B270603C800A88871 /* TodosApp.swift in Sources */ = {isa = PBXBuildFile; fileRef = 8724583A270603C700A88871 /* TodosApp.swift */; };
		8724584E270603C800A88871 /* Assets.xcassets in Resources */ = {isa = PBXBuildFile; fileRef = 8724583C270603C800A88871 /* Assets.xcassets */; };
		8724584F270603C800A88871 /* Assets.xcassets in Resources */ = {isa = PBXBuildFile; fileRef = 8724583C270603C800A88871 /* Assets.xcassets */; };
		875BCFB32710EAD50015E662 /* AnyRequest in Frameworks */ = {isa = PBXBuildFile; productRef = 875BCFB22710EAD50015E662 /* AnyRequest */; };
		875BCFB62710EAEF0015E662 /* ConvertSwift in Frameworks */ = {isa = PBXBuildFile; productRef = 875BCFB52710EAEF0015E662 /* ConvertSwift */; };
		875BCFB92710EB0C0015E662 /* Json in Frameworks */ = {isa = PBXBuildFile; productRef = 875BCFB82710EB0C0015E662 /* Json */; };
		875BCFBB2710ED8E0015E662 /* AnyRequest in Frameworks */ = {isa = PBXBuildFile; productRef = 875BCFBA2710ED8E0015E662 /* AnyRequest */; };
		875BCFBD2710ED8E0015E662 /* ConvertSwift in Frameworks */ = {isa = PBXBuildFile; productRef = 875BCFBC2710ED8E0015E662 /* ConvertSwift */; };
		875BCFBF2710ED8E0015E662 /* Json in Frameworks */ = {isa = PBXBuildFile; productRef = 875BCFBE2710ED8E0015E662 /* Json */; };
		8769538A2706078100EB9008 /* ComposableArchitecture in Frameworks */ = {isa = PBXBuildFile; productRef = 876953892706078100EB9008 /* ComposableArchitecture */; };
		8769538C2706078600EB9008 /* ComposableArchitecture in Frameworks */ = {isa = PBXBuildFile; productRef = 8769538B2706078600EB9008 /* ComposableArchitecture */; };
		878AF95927110B020066E71C /* CounterAction.swift in Sources */ = {isa = PBXBuildFile; fileRef = 878AF95427110B020066E71C /* CounterAction.swift */; };
		878AF95A27110B020066E71C /* CounterAction.swift in Sources */ = {isa = PBXBuildFile; fileRef = 878AF95427110B020066E71C /* CounterAction.swift */; };
		878AF95B27110B020066E71C /* CounterView.swift in Sources */ = {isa = PBXBuildFile; fileRef = 878AF95527110B020066E71C /* CounterView.swift */; };
		878AF95C27110B020066E71C /* CounterView.swift in Sources */ = {isa = PBXBuildFile; fileRef = 878AF95527110B020066E71C /* CounterView.swift */; };
		878AF95D27110B020066E71C /* CounterEnvironment.swift in Sources */ = {isa = PBXBuildFile; fileRef = 878AF95627110B020066E71C /* CounterEnvironment.swift */; };
		878AF95E27110B020066E71C /* CounterEnvironment.swift in Sources */ = {isa = PBXBuildFile; fileRef = 878AF95627110B020066E71C /* CounterEnvironment.swift */; };
		878AF95F27110B020066E71C /* CounterReducer.swift in Sources */ = {isa = PBXBuildFile; fileRef = 878AF95727110B020066E71C /* CounterReducer.swift */; };
		878AF96027110B020066E71C /* CounterReducer.swift in Sources */ = {isa = PBXBuildFile; fileRef = 878AF95727110B020066E71C /* CounterReducer.swift */; };
		878AF96127110B020066E71C /* CounterState.swift in Sources */ = {isa = PBXBuildFile; fileRef = 878AF95827110B020066E71C /* CounterState.swift */; };
		878AF96227110B020066E71C /* CounterState.swift in Sources */ = {isa = PBXBuildFile; fileRef = 878AF95827110B020066E71C /* CounterState.swift */; };
		878AF96527110B4C0066E71C /* View+.swift in Sources */ = {isa = PBXBuildFile; fileRef = 878AF96427110B4C0066E71C /* View+.swift */; };
		878AF96627110B4C0066E71C /* View+.swift in Sources */ = {isa = PBXBuildFile; fileRef = 878AF96427110B4C0066E71C /* View+.swift */; };
		87A8E14E27065E9500E2D797 /* MainReducer.swift in Sources */ = {isa = PBXBuildFile; fileRef = 87A8E14927065E9500E2D797 /* MainReducer.swift */; };
		87A8E14F27065E9500E2D797 /* MainReducer.swift in Sources */ = {isa = PBXBuildFile; fileRef = 87A8E14927065E9500E2D797 /* MainReducer.swift */; };
		87A8E15027065E9500E2D797 /* MainEnvironment.swift in Sources */ = {isa = PBXBuildFile; fileRef = 87A8E14A27065E9500E2D797 /* MainEnvironment.swift */; };
		87A8E15127065E9500E2D797 /* MainEnvironment.swift in Sources */ = {isa = PBXBuildFile; fileRef = 87A8E14A27065E9500E2D797 /* MainEnvironment.swift */; };
		87A8E15227065E9500E2D797 /* MainState.swift in Sources */ = {isa = PBXBuildFile; fileRef = 87A8E14B27065E9500E2D797 /* MainState.swift */; };
		87A8E15327065E9500E2D797 /* MainState.swift in Sources */ = {isa = PBXBuildFile; fileRef = 87A8E14B27065E9500E2D797 /* MainState.swift */; };
		87A8E15427065E9500E2D797 /* MainView.swift in Sources */ = {isa = PBXBuildFile; fileRef = 87A8E14C27065E9500E2D797 /* MainView.swift */; };
		87A8E15527065E9500E2D797 /* MainView.swift in Sources */ = {isa = PBXBuildFile; fileRef = 87A8E14C27065E9500E2D797 /* MainView.swift */; };
		87A8E15627065E9500E2D797 /* MainAction.swift in Sources */ = {isa = PBXBuildFile; fileRef = 87A8E14D27065E9500E2D797 /* MainAction.swift */; };
		87A8E15727065E9500E2D797 /* MainAction.swift in Sources */ = {isa = PBXBuildFile; fileRef = 87A8E14D27065E9500E2D797 /* MainAction.swift */; };
		87CB58D727064CF50060BF75 /* Todo.swift in Sources */ = {isa = PBXBuildFile; fileRef = 87CB58C427064CF40060BF75 /* Todo.swift */; };
		87CB58D827064CF50060BF75 /* Todo.swift in Sources */ = {isa = PBXBuildFile; fileRef = 87CB58C427064CF40060BF75 /* Todo.swift */; };
		87CB58E327064CF50060BF75 /* AuthState.swift in Sources */ = {isa = PBXBuildFile; fileRef = 87CB58CC27064CF40060BF75 /* AuthState.swift */; };
		87CB58E427064CF50060BF75 /* AuthState.swift in Sources */ = {isa = PBXBuildFile; fileRef = 87CB58CC27064CF40060BF75 /* AuthState.swift */; };
		87CB58E527064CF50060BF75 /* AuthView.swift in Sources */ = {isa = PBXBuildFile; fileRef = 87CB58CD27064CF40060BF75 /* AuthView.swift */; };
		87CB58E627064CF50060BF75 /* AuthView.swift in Sources */ = {isa = PBXBuildFile; fileRef = 87CB58CD27064CF40060BF75 /* AuthView.swift */; };
		87CB58E727064CF50060BF75 /* AuthReducer.swift in Sources */ = {isa = PBXBuildFile; fileRef = 87CB58CE27064CF40060BF75 /* AuthReducer.swift */; };
		87CB58E827064CF50060BF75 /* AuthReducer.swift in Sources */ = {isa = PBXBuildFile; fileRef = 87CB58CE27064CF40060BF75 /* AuthReducer.swift */; };
		87CB58E927064CF50060BF75 /* AuthAction.swift in Sources */ = {isa = PBXBuildFile; fileRef = 87CB58CF27064CF40060BF75 /* AuthAction.swift */; };
		87CB58EA27064CF50060BF75 /* AuthAction.swift in Sources */ = {isa = PBXBuildFile; fileRef = 87CB58CF27064CF40060BF75 /* AuthAction.swift */; };
		87CB58EB27064CF50060BF75 /* AuthEnvironment.swift in Sources */ = {isa = PBXBuildFile; fileRef = 87CB58D027064CF40060BF75 /* AuthEnvironment.swift */; };
		87CB58EC27064CF50060BF75 /* AuthEnvironment.swift in Sources */ = {isa = PBXBuildFile; fileRef = 87CB58D027064CF40060BF75 /* AuthEnvironment.swift */; };
		87CB58ED27064CF50060BF75 /* RootAction.swift in Sources */ = {isa = PBXBuildFile; fileRef = 87CB58D227064CF40060BF75 /* RootAction.swift */; };
		87CB58EE27064CF50060BF75 /* RootAction.swift in Sources */ = {isa = PBXBuildFile; fileRef = 87CB58D227064CF40060BF75 /* RootAction.swift */; };
		87CB58EF27064CF50060BF75 /* RootEnvironment.swift in Sources */ = {isa = PBXBuildFile; fileRef = 87CB58D327064CF50060BF75 /* RootEnvironment.swift */; };
		87CB58F027064CF50060BF75 /* RootEnvironment.swift in Sources */ = {isa = PBXBuildFile; fileRef = 87CB58D327064CF50060BF75 /* RootEnvironment.swift */; };
		87CB58F127064CF50060BF75 /* RootView.swift in Sources */ = {isa = PBXBuildFile; fileRef = 87CB58D427064CF50060BF75 /* RootView.swift */; };
		87CB58F227064CF50060BF75 /* RootView.swift in Sources */ = {isa = PBXBuildFile; fileRef = 87CB58D427064CF50060BF75 /* RootView.swift */; };
		87CB58F327064CF50060BF75 /* RootState.swift in Sources */ = {isa = PBXBuildFile; fileRef = 87CB58D527064CF50060BF75 /* RootState.swift */; };
		87CB58F427064CF50060BF75 /* RootState.swift in Sources */ = {isa = PBXBuildFile; fileRef = 87CB58D527064CF50060BF75 /* RootState.swift */; };
		87CB58F527064CF50060BF75 /* RootReducer.swift in Sources */ = {isa = PBXBuildFile; fileRef = 87CB58D627064CF50060BF75 /* RootReducer.swift */; };
		87CB58F627064CF50060BF75 /* RootReducer.swift in Sources */ = {isa = PBXBuildFile; fileRef = 87CB58D627064CF50060BF75 /* RootReducer.swift */; };
/* End PBXBuildFile section */

/* Begin PBXFileReference section */
		8724583A270603C700A88871 /* TodosApp.swift */ = {isa = PBXFileReference; lastKnownFileType = sourcecode.swift; path = TodosApp.swift; sourceTree = "<group>"; };
		8724583C270603C800A88871 /* Assets.xcassets */ = {isa = PBXFileReference; lastKnownFileType = folder.assetcatalog; path = Assets.xcassets; sourceTree = "<group>"; };
		87245841270603C800A88871 /* Todos.app */ = {isa = PBXFileReference; explicitFileType = wrapper.application; includeInIndex = 0; path = Todos.app; sourceTree = BUILT_PRODUCTS_DIR; };
		87245847270603C800A88871 /* Todos.app */ = {isa = PBXFileReference; explicitFileType = wrapper.application; includeInIndex = 0; path = Todos.app; sourceTree = BUILT_PRODUCTS_DIR; };
		87245849270603C800A88871 /* macOS.entitlements */ = {isa = PBXFileReference; lastKnownFileType = text.plist.entitlements; path = macOS.entitlements; sourceTree = "<group>"; };
		878AF95427110B020066E71C /* CounterAction.swift */ = {isa = PBXFileReference; lastKnownFileType = sourcecode.swift; path = CounterAction.swift; sourceTree = "<group>"; };
		878AF95527110B020066E71C /* CounterView.swift */ = {isa = PBXFileReference; lastKnownFileType = sourcecode.swift; path = CounterView.swift; sourceTree = "<group>"; };
		878AF95627110B020066E71C /* CounterEnvironment.swift */ = {isa = PBXFileReference; lastKnownFileType = sourcecode.swift; path = CounterEnvironment.swift; sourceTree = "<group>"; };
		878AF95727110B020066E71C /* CounterReducer.swift */ = {isa = PBXFileReference; lastKnownFileType = sourcecode.swift; path = CounterReducer.swift; sourceTree = "<group>"; };
		878AF95827110B020066E71C /* CounterState.swift */ = {isa = PBXFileReference; lastKnownFileType = sourcecode.swift; path = CounterState.swift; sourceTree = "<group>"; };
		878AF96427110B4C0066E71C /* View+.swift */ = {isa = PBXFileReference; lastKnownFileType = sourcecode.swift; path = "View+.swift"; sourceTree = "<group>"; };
		87A8E14927065E9500E2D797 /* MainReducer.swift */ = {isa = PBXFileReference; fileEncoding = 4; lastKnownFileType = sourcecode.swift; path = MainReducer.swift; sourceTree = "<group>"; };
		87A8E14A27065E9500E2D797 /* MainEnvironment.swift */ = {isa = PBXFileReference; fileEncoding = 4; lastKnownFileType = sourcecode.swift; path = MainEnvironment.swift; sourceTree = "<group>"; };
		87A8E14B27065E9500E2D797 /* MainState.swift */ = {isa = PBXFileReference; fileEncoding = 4; lastKnownFileType = sourcecode.swift; path = MainState.swift; sourceTree = "<group>"; };
		87A8E14C27065E9500E2D797 /* MainView.swift */ = {isa = PBXFileReference; fileEncoding = 4; lastKnownFileType = sourcecode.swift; path = MainView.swift; sourceTree = "<group>"; };
		87A8E14D27065E9500E2D797 /* MainAction.swift */ = {isa = PBXFileReference; fileEncoding = 4; lastKnownFileType = sourcecode.swift; path = MainAction.swift; sourceTree = "<group>"; };
		87CB58C427064CF40060BF75 /* Todo.swift */ = {isa = PBXFileReference; fileEncoding = 4; lastKnownFileType = sourcecode.swift; path = Todo.swift; sourceTree = "<group>"; };
		87CB58CC27064CF40060BF75 /* AuthState.swift */ = {isa = PBXFileReference; fileEncoding = 4; lastKnownFileType = sourcecode.swift; path = AuthState.swift; sourceTree = "<group>"; };
		87CB58CD27064CF40060BF75 /* AuthView.swift */ = {isa = PBXFileReference; fileEncoding = 4; lastKnownFileType = sourcecode.swift; path = AuthView.swift; sourceTree = "<group>"; };
		87CB58CE27064CF40060BF75 /* AuthReducer.swift */ = {isa = PBXFileReference; fileEncoding = 4; lastKnownFileType = sourcecode.swift; path = AuthReducer.swift; sourceTree = "<group>"; };
		87CB58CF27064CF40060BF75 /* AuthAction.swift */ = {isa = PBXFileReference; fileEncoding = 4; lastKnownFileType = sourcecode.swift; path = AuthAction.swift; sourceTree = "<group>"; };
		87CB58D027064CF40060BF75 /* AuthEnvironment.swift */ = {isa = PBXFileReference; fileEncoding = 4; lastKnownFileType = sourcecode.swift; path = AuthEnvironment.swift; sourceTree = "<group>"; };
		87CB58D227064CF40060BF75 /* RootAction.swift */ = {isa = PBXFileReference; fileEncoding = 4; lastKnownFileType = sourcecode.swift; path = RootAction.swift; sourceTree = "<group>"; };
		87CB58D327064CF50060BF75 /* RootEnvironment.swift */ = {isa = PBXFileReference; fileEncoding = 4; lastKnownFileType = sourcecode.swift; path = RootEnvironment.swift; sourceTree = "<group>"; };
		87CB58D427064CF50060BF75 /* RootView.swift */ = {isa = PBXFileReference; fileEncoding = 4; lastKnownFileType = sourcecode.swift; path = RootView.swift; sourceTree = "<group>"; };
		87CB58D527064CF50060BF75 /* RootState.swift */ = {isa = PBXFileReference; fileEncoding = 4; lastKnownFileType = sourcecode.swift; path = RootState.swift; sourceTree = "<group>"; };
		87CB58D627064CF50060BF75 /* RootReducer.swift */ = {isa = PBXFileReference; fileEncoding = 4; lastKnownFileType = sourcecode.swift; path = RootReducer.swift; sourceTree = "<group>"; };
/* End PBXFileReference section */

/* Begin PBXFrameworksBuildPhase section */
		8724583E270603C800A88871 /* Frameworks */ = {
			isa = PBXFrameworksBuildPhase;
			buildActionMask = 2147483647;
			files = (
				8769538A2706078100EB9008 /* ComposableArchitecture in Frameworks */,
				875BCFB32710EAD50015E662 /* AnyRequest in Frameworks */,
				875BCFB92710EB0C0015E662 /* Json in Frameworks */,
				875BCFB62710EAEF0015E662 /* ConvertSwift in Frameworks */,
			);
			runOnlyForDeploymentPostprocessing = 0;
		};
		87245844270603C800A88871 /* Frameworks */ = {
			isa = PBXFrameworksBuildPhase;
			buildActionMask = 2147483647;
			files = (
				8769538C2706078600EB9008 /* ComposableArchitecture in Frameworks */,
				875BCFBB2710ED8E0015E662 /* AnyRequest in Frameworks */,
				875BCFBF2710ED8E0015E662 /* Json in Frameworks */,
				875BCFBD2710ED8E0015E662 /* ConvertSwift in Frameworks */,
			);
			runOnlyForDeploymentPostprocessing = 0;
		};
/* End PBXFrameworksBuildPhase section */

/* Begin PBXGroup section */
		87245834270603C600A88871 = {
			isa = PBXGroup;
			children = (
				87245839270603C700A88871 /* Shared */,
				87245848270603C800A88871 /* macOS */,
				87245842270603C800A88871 /* Products */,
				876953882706078100EB9008 /* Frameworks */,
			);
			sourceTree = "<group>";
		};
		87245839270603C700A88871 /* Shared */ = {
			isa = PBXGroup;
			children = (
				8724583A270603C700A88871 /* TodosApp.swift */,
				878AF92E2710F90C0066E71C /* TodoApp */,
				8724583C270603C800A88871 /* Assets.xcassets */,
			);
			path = Shared;
			sourceTree = "<group>";
		};
		87245842270603C800A88871 /* Products */ = {
			isa = PBXGroup;
			children = (
				87245841270603C800A88871 /* Todos.app */,
				87245847270603C800A88871 /* Todos.app */,
			);
			name = Products;
			sourceTree = "<group>";
		};
		87245848270603C800A88871 /* macOS */ = {
			isa = PBXGroup;
			children = (
				87245849270603C800A88871 /* macOS.entitlements */,
			);
			path = macOS;
			sourceTree = "<group>";
		};
		876953882706078100EB9008 /* Frameworks */ = {
			isa = PBXGroup;
			children = (
			);
			name = Frameworks;
			sourceTree = "<group>";
		};
		878AF92E2710F90C0066E71C /* TodoApp */ = {
			isa = PBXGroup;
			children = (
				878AF96327110B3D0066E71C /* View+ */,
				87CB58C327064CF40060BF75 /* Models */,
				878AF95327110AEE0066E71C /* CounterScreen */,
				87A8E14827065E9500E2D797 /* MainScreen */,
				87CB58CB27064CF40060BF75 /* AuthScreen */,
				87CB58D127064CF40060BF75 /* RootScreen */,
			);
			path = TodoApp;
			sourceTree = "<group>";
		};
		878AF95327110AEE0066E71C /* CounterScreen */ = {
			isa = PBXGroup;
			children = (
				878AF95527110B020066E71C /* CounterView.swift */,
				878AF95827110B020066E71C /* CounterState.swift */,
				878AF95427110B020066E71C /* CounterAction.swift */,
				878AF95627110B020066E71C /* CounterEnvironment.swift */,
				878AF95727110B020066E71C /* CounterReducer.swift */,
			);
			path = CounterScreen;
			sourceTree = "<group>";
		};
		878AF96327110B3D0066E71C /* View+ */ = {
			isa = PBXGroup;
			children = (
				878AF96427110B4C0066E71C /* View+.swift */,
			);
			path = "View+";
			sourceTree = "<group>";
		};
		87A8E14827065E9500E2D797 /* MainScreen */ = {
			isa = PBXGroup;
			children = (
				87A8E14C27065E9500E2D797 /* MainView.swift */,
				87A8E14B27065E9500E2D797 /* MainState.swift */,
				87A8E14D27065E9500E2D797 /* MainAction.swift */,
				87A8E14A27065E9500E2D797 /* MainEnvironment.swift */,
				87A8E14927065E9500E2D797 /* MainReducer.swift */,
			);
			path = MainScreen;
			sourceTree = "<group>";
		};
		87CB58C327064CF40060BF75 /* Models */ = {
			isa = PBXGroup;
			children = (
				87CB58C427064CF40060BF75 /* Todo.swift */,
			);
			path = Models;
			sourceTree = "<group>";
		};
		87CB58CB27064CF40060BF75 /* AuthScreen */ = {
			isa = PBXGroup;
			children = (
				87CB58CD27064CF40060BF75 /* AuthView.swift */,
				87CB58CC27064CF40060BF75 /* AuthState.swift */,
				87CB58CF27064CF40060BF75 /* AuthAction.swift */,
				87CB58D027064CF40060BF75 /* AuthEnvironment.swift */,
				87CB58CE27064CF40060BF75 /* AuthReducer.swift */,
			);
			path = AuthScreen;
			sourceTree = "<group>";
		};
		87CB58D127064CF40060BF75 /* RootScreen */ = {
			isa = PBXGroup;
			children = (
				87CB58D427064CF50060BF75 /* RootView.swift */,
				87CB58D527064CF50060BF75 /* RootState.swift */,
				87CB58D227064CF40060BF75 /* RootAction.swift */,
				87CB58D327064CF50060BF75 /* RootEnvironment.swift */,
				87CB58D627064CF50060BF75 /* RootReducer.swift */,
			);
			path = RootScreen;
			sourceTree = "<group>";
		};
/* End PBXGroup section */

/* Begin PBXNativeTarget section */
		87245840270603C800A88871 /* Todos (iOS) */ = {
			isa = PBXNativeTarget;
			buildConfigurationList = 87245852270603C800A88871 /* Build configuration list for PBXNativeTarget "Todos (iOS)" */;
			buildPhases = (
				8724583D270603C800A88871 /* Sources */,
				8724583E270603C800A88871 /* Frameworks */,
				8724583F270603C800A88871 /* Resources */,
			);
			buildRules = (
			);
			dependencies = (
			);
			name = "Todos (iOS)";
			packageProductDependencies = (
				876953892706078100EB9008 /* ComposableArchitecture */,
				875BCFB22710EAD50015E662 /* AnyRequest */,
				875BCFB52710EAEF0015E662 /* ConvertSwift */,
				875BCFB82710EB0C0015E662 /* Json */,
			);
			productName = "Todos (iOS)";
			productReference = 87245841270603C800A88871 /* Todos.app */;
			productType = "com.apple.product-type.application";
		};
		87245846270603C800A88871 /* Todos (macOS) */ = {
			isa = PBXNativeTarget;
			buildConfigurationList = 87245855270603C800A88871 /* Build configuration list for PBXNativeTarget "Todos (macOS)" */;
			buildPhases = (
				87245843270603C800A88871 /* Sources */,
				87245844270603C800A88871 /* Frameworks */,
				87245845270603C800A88871 /* Resources */,
			);
			buildRules = (
			);
			dependencies = (
			);
			name = "Todos (macOS)";
			packageProductDependencies = (
				8769538B2706078600EB9008 /* ComposableArchitecture */,
				875BCFBA2710ED8E0015E662 /* AnyRequest */,
				875BCFBC2710ED8E0015E662 /* ConvertSwift */,
				875BCFBE2710ED8E0015E662 /* Json */,
			);
			productName = "Todos (macOS)";
			productReference = 87245847270603C800A88871 /* Todos.app */;
			productType = "com.apple.product-type.application";
		};
/* End PBXNativeTarget section */

/* Begin PBXProject section */
		87245835270603C600A88871 /* Project object */ = {
			isa = PBXProject;
			attributes = {
				BuildIndependentTargetsInParallel = 1;
				LastSwiftUpdateCheck = 1300;
				LastUpgradeCheck = 1300;
				TargetAttributes = {
					87245840270603C800A88871 = {
						CreatedOnToolsVersion = 13.0;
					};
					87245846270603C800A88871 = {
						CreatedOnToolsVersion = 13.0;
					};
				};
			};
			buildConfigurationList = 87245838270603C600A88871 /* Build configuration list for PBXProject "Todos" */;
			compatibilityVersion = "Xcode 13.0";
			developmentRegion = en;
			hasScannedForEncodings = 0;
			knownRegions = (
				en,
				Base,
			);
			mainGroup = 87245834270603C600A88871;
			packageReferences = (
				875BCFB12710EAD50015E662 /* XCRemoteSwiftPackageReference "AnyRequest" */,
				875BCFB42710EAEF0015E662 /* XCRemoteSwiftPackageReference "SwiftConvert" */,
				875BCFB72710EB0C0015E662 /* XCRemoteSwiftPackageReference "Json" */,
			);
			productRefGroup = 87245842270603C800A88871 /* Products */;
			projectDirPath = "";
			projectRoot = "";
			targets = (
				87245840270603C800A88871 /* Todos (iOS) */,
				87245846270603C800A88871 /* Todos (macOS) */,
			);
		};
/* End PBXProject section */

/* Begin PBXResourcesBuildPhase section */
		8724583F270603C800A88871 /* Resources */ = {
			isa = PBXResourcesBuildPhase;
			buildActionMask = 2147483647;
			files = (
				8724584E270603C800A88871 /* Assets.xcassets in Resources */,
			);
			runOnlyForDeploymentPostprocessing = 0;
		};
		87245845270603C800A88871 /* Resources */ = {
			isa = PBXResourcesBuildPhase;
			buildActionMask = 2147483647;
			files = (
				8724584F270603C800A88871 /* Assets.xcassets in Resources */,
			);
			runOnlyForDeploymentPostprocessing = 0;
		};
/* End PBXResourcesBuildPhase section */

/* Begin PBXSourcesBuildPhase section */
		8724583D270603C800A88871 /* Sources */ = {
			isa = PBXSourcesBuildPhase;
			buildActionMask = 2147483647;
			files = (
				878AF95D27110B020066E71C /* CounterEnvironment.swift in Sources */,
				87A8E15627065E9500E2D797 /* MainAction.swift in Sources */,
				878AF96127110B020066E71C /* CounterState.swift in Sources */,
				87CB58E527064CF50060BF75 /* AuthView.swift in Sources */,
				878AF96527110B4C0066E71C /* View+.swift in Sources */,
				87A8E15227065E9500E2D797 /* MainState.swift in Sources */,
				87A8E14E27065E9500E2D797 /* MainReducer.swift in Sources */,
				87CB58D727064CF50060BF75 /* Todo.swift in Sources */,
				87CB58F327064CF50060BF75 /* RootState.swift in Sources */,
				87CB58F127064CF50060BF75 /* RootView.swift in Sources */,
				87CB58E727064CF50060BF75 /* AuthReducer.swift in Sources */,
				878AF95B27110B020066E71C /* CounterView.swift in Sources */,
				87CB58ED27064CF50060BF75 /* RootAction.swift in Sources */,
				87CB58F527064CF50060BF75 /* RootReducer.swift in Sources */,
				87A8E15427065E9500E2D797 /* MainView.swift in Sources */,
				87CB58EB27064CF50060BF75 /* AuthEnvironment.swift in Sources */,
				878AF95927110B020066E71C /* CounterAction.swift in Sources */,
				87CB58EF27064CF50060BF75 /* RootEnvironment.swift in Sources */,
				87A8E15027065E9500E2D797 /* MainEnvironment.swift in Sources */,
				87CB58E927064CF50060BF75 /* AuthAction.swift in Sources */,
				8724584A270603C800A88871 /* TodosApp.swift in Sources */,
				878AF95F27110B020066E71C /* CounterReducer.swift in Sources */,
				87CB58E327064CF50060BF75 /* AuthState.swift in Sources */,
			);
			runOnlyForDeploymentPostprocessing = 0;
		};
		87245843270603C800A88871 /* Sources */ = {
			isa = PBXSourcesBuildPhase;
			buildActionMask = 2147483647;
			files = (
				878AF95E27110B020066E71C /* CounterEnvironment.swift in Sources */,
				87A8E15727065E9500E2D797 /* MainAction.swift in Sources */,
				878AF96227110B020066E71C /* CounterState.swift in Sources */,
				87CB58E627064CF50060BF75 /* AuthView.swift in Sources */,
				878AF96627110B4C0066E71C /* View+.swift in Sources */,
				87A8E15327065E9500E2D797 /* MainState.swift in Sources */,
				87A8E14F27065E9500E2D797 /* MainReducer.swift in Sources */,
				87CB58D827064CF50060BF75 /* Todo.swift in Sources */,
				87CB58F427064CF50060BF75 /* RootState.swift in Sources */,
				87CB58F227064CF50060BF75 /* RootView.swift in Sources */,
				87CB58E827064CF50060BF75 /* AuthReducer.swift in Sources */,
				878AF95C27110B020066E71C /* CounterView.swift in Sources */,
				87CB58EE27064CF50060BF75 /* RootAction.swift in Sources */,
				87CB58F627064CF50060BF75 /* RootReducer.swift in Sources */,
				87A8E15527065E9500E2D797 /* MainView.swift in Sources */,
				87CB58EC27064CF50060BF75 /* AuthEnvironment.swift in Sources */,
				878AF95A27110B020066E71C /* CounterAction.swift in Sources */,
				87CB58F027064CF50060BF75 /* RootEnvironment.swift in Sources */,
				87A8E15127065E9500E2D797 /* MainEnvironment.swift in Sources */,
				87CB58EA27064CF50060BF75 /* AuthAction.swift in Sources */,
				8724584B270603C800A88871 /* TodosApp.swift in Sources */,
				878AF96027110B020066E71C /* CounterReducer.swift in Sources */,
				87CB58E427064CF50060BF75 /* AuthState.swift in Sources */,
			);
			runOnlyForDeploymentPostprocessing = 0;
		};
/* End PBXSourcesBuildPhase section */

/* Begin XCBuildConfiguration section */
		87245850270603C800A88871 /* Debug */ = {
			isa = XCBuildConfiguration;
			buildSettings = {
				ALWAYS_SEARCH_USER_PATHS = NO;
				CLANG_ANALYZER_NONNULL = YES;
				CLANG_ANALYZER_NUMBER_OBJECT_CONVERSION = YES_AGGRESSIVE;
				CLANG_CXX_LANGUAGE_STANDARD = "gnu++17";
				CLANG_CXX_LIBRARY = "libc++";
				CLANG_ENABLE_MODULES = YES;
				CLANG_ENABLE_OBJC_ARC = YES;
				CLANG_ENABLE_OBJC_WEAK = YES;
				CLANG_WARN_BLOCK_CAPTURE_AUTORELEASING = YES;
				CLANG_WARN_BOOL_CONVERSION = YES;
				CLANG_WARN_COMMA = YES;
				CLANG_WARN_CONSTANT_CONVERSION = YES;
				CLANG_WARN_DEPRECATED_OBJC_IMPLEMENTATIONS = YES;
				CLANG_WARN_DIRECT_OBJC_ISA_USAGE = YES_ERROR;
				CLANG_WARN_DOCUMENTATION_COMMENTS = YES;
				CLANG_WARN_EMPTY_BODY = YES;
				CLANG_WARN_ENUM_CONVERSION = YES;
				CLANG_WARN_INFINITE_RECURSION = YES;
				CLANG_WARN_INT_CONVERSION = YES;
				CLANG_WARN_NON_LITERAL_NULL_CONVERSION = YES;
				CLANG_WARN_OBJC_IMPLICIT_RETAIN_SELF = YES;
				CLANG_WARN_OBJC_LITERAL_CONVERSION = YES;
				CLANG_WARN_OBJC_ROOT_CLASS = YES_ERROR;
				CLANG_WARN_QUOTED_INCLUDE_IN_FRAMEWORK_HEADER = YES;
				CLANG_WARN_RANGE_LOOP_ANALYSIS = YES;
				CLANG_WARN_STRICT_PROTOTYPES = YES;
				CLANG_WARN_SUSPICIOUS_MOVE = YES;
				CLANG_WARN_UNGUARDED_AVAILABILITY = YES_AGGRESSIVE;
				CLANG_WARN_UNREACHABLE_CODE = YES;
				CLANG_WARN__DUPLICATE_METHOD_MATCH = YES;
				COPY_PHASE_STRIP = NO;
				DEBUG_INFORMATION_FORMAT = dwarf;
				ENABLE_STRICT_OBJC_MSGSEND = YES;
				ENABLE_TESTABILITY = YES;
				GCC_C_LANGUAGE_STANDARD = gnu11;
				GCC_DYNAMIC_NO_PIC = NO;
				GCC_NO_COMMON_BLOCKS = YES;
				GCC_OPTIMIZATION_LEVEL = 0;
				GCC_PREPROCESSOR_DEFINITIONS = (
					"DEBUG=1",
					"$(inherited)",
				);
				GCC_WARN_64_TO_32_BIT_CONVERSION = YES;
				GCC_WARN_ABOUT_RETURN_TYPE = YES_ERROR;
				GCC_WARN_UNDECLARED_SELECTOR = YES;
				GCC_WARN_UNINITIALIZED_AUTOS = YES_AGGRESSIVE;
				GCC_WARN_UNUSED_FUNCTION = YES;
				GCC_WARN_UNUSED_VARIABLE = YES;
				MTL_ENABLE_DEBUG_INFO = INCLUDE_SOURCE;
				MTL_FAST_MATH = YES;
				ONLY_ACTIVE_ARCH = YES;
				SWIFT_ACTIVE_COMPILATION_CONDITIONS = DEBUG;
				SWIFT_OPTIMIZATION_LEVEL = "-Onone";
			};
			name = Debug;
		};
		87245851270603C800A88871 /* Release */ = {
			isa = XCBuildConfiguration;
			buildSettings = {
				ALWAYS_SEARCH_USER_PATHS = NO;
				CLANG_ANALYZER_NONNULL = YES;
				CLANG_ANALYZER_NUMBER_OBJECT_CONVERSION = YES_AGGRESSIVE;
				CLANG_CXX_LANGUAGE_STANDARD = "gnu++17";
				CLANG_CXX_LIBRARY = "libc++";
				CLANG_ENABLE_MODULES = YES;
				CLANG_ENABLE_OBJC_ARC = YES;
				CLANG_ENABLE_OBJC_WEAK = YES;
				CLANG_WARN_BLOCK_CAPTURE_AUTORELEASING = YES;
				CLANG_WARN_BOOL_CONVERSION = YES;
				CLANG_WARN_COMMA = YES;
				CLANG_WARN_CONSTANT_CONVERSION = YES;
				CLANG_WARN_DEPRECATED_OBJC_IMPLEMENTATIONS = YES;
				CLANG_WARN_DIRECT_OBJC_ISA_USAGE = YES_ERROR;
				CLANG_WARN_DOCUMENTATION_COMMENTS = YES;
				CLANG_WARN_EMPTY_BODY = YES;
				CLANG_WARN_ENUM_CONVERSION = YES;
				CLANG_WARN_INFINITE_RECURSION = YES;
				CLANG_WARN_INT_CONVERSION = YES;
				CLANG_WARN_NON_LITERAL_NULL_CONVERSION = YES;
				CLANG_WARN_OBJC_IMPLICIT_RETAIN_SELF = YES;
				CLANG_WARN_OBJC_LITERAL_CONVERSION = YES;
				CLANG_WARN_OBJC_ROOT_CLASS = YES_ERROR;
				CLANG_WARN_QUOTED_INCLUDE_IN_FRAMEWORK_HEADER = YES;
				CLANG_WARN_RANGE_LOOP_ANALYSIS = YES;
				CLANG_WARN_STRICT_PROTOTYPES = YES;
				CLANG_WARN_SUSPICIOUS_MOVE = YES;
				CLANG_WARN_UNGUARDED_AVAILABILITY = YES_AGGRESSIVE;
				CLANG_WARN_UNREACHABLE_CODE = YES;
				CLANG_WARN__DUPLICATE_METHOD_MATCH = YES;
				COPY_PHASE_STRIP = NO;
				DEBUG_INFORMATION_FORMAT = "dwarf-with-dsym";
				ENABLE_NS_ASSERTIONS = NO;
				ENABLE_STRICT_OBJC_MSGSEND = YES;
				GCC_C_LANGUAGE_STANDARD = gnu11;
				GCC_NO_COMMON_BLOCKS = YES;
				GCC_WARN_64_TO_32_BIT_CONVERSION = YES;
				GCC_WARN_ABOUT_RETURN_TYPE = YES_ERROR;
				GCC_WARN_UNDECLARED_SELECTOR = YES;
				GCC_WARN_UNINITIALIZED_AUTOS = YES_AGGRESSIVE;
				GCC_WARN_UNUSED_FUNCTION = YES;
				GCC_WARN_UNUSED_VARIABLE = YES;
				MTL_ENABLE_DEBUG_INFO = NO;
				MTL_FAST_MATH = YES;
				SWIFT_COMPILATION_MODE = wholemodule;
				SWIFT_OPTIMIZATION_LEVEL = "-O";
			};
			name = Release;
		};
		87245853270603C800A88871 /* Debug */ = {
			isa = XCBuildConfiguration;
			buildSettings = {
				ASSETCATALOG_COMPILER_APPICON_NAME = AppIcon;
				ASSETCATALOG_COMPILER_GLOBAL_ACCENT_COLOR_NAME = AccentColor;
				CODE_SIGN_STYLE = Automatic;
				CURRENT_PROJECT_VERSION = 1;
				DEVELOPMENT_TEAM = 2H5PN3F9B6;
				ENABLE_PREVIEWS = YES;
				GENERATE_INFOPLIST_FILE = YES;
				INFOPLIST_KEY_UIApplicationSceneManifest_Generation = YES;
				INFOPLIST_KEY_UIApplicationSupportsIndirectInputEvents = YES;
				INFOPLIST_KEY_UILaunchScreen_Generation = YES;
				INFOPLIST_KEY_UISupportedInterfaceOrientations_iPad = "UIInterfaceOrientationPortrait UIInterfaceOrientationPortraitUpsideDown UIInterfaceOrientationLandscapeLeft UIInterfaceOrientationLandscapeRight";
				INFOPLIST_KEY_UISupportedInterfaceOrientations_iPhone = "UIInterfaceOrientationPortrait UIInterfaceOrientationLandscapeLeft UIInterfaceOrientationLandscapeRight";
				IPHONEOS_DEPLOYMENT_TARGET = 14.0;
				LD_RUNPATH_SEARCH_PATHS = (
					"$(inherited)",
					"@executable_path/Frameworks",
				);
				MARKETING_VERSION = 1.0;
				PRODUCT_BUNDLE_IDENTIFIER = mike.fullstack.swift.Todos;
				PRODUCT_NAME = Todos;
				SDKROOT = iphoneos;
				SWIFT_EMIT_LOC_STRINGS = YES;
				SWIFT_VERSION = 5.0;
				TARGETED_DEVICE_FAMILY = "1,2";
			};
			name = Debug;
		};
		87245854270603C800A88871 /* Release */ = {
			isa = XCBuildConfiguration;
			buildSettings = {
				ASSETCATALOG_COMPILER_APPICON_NAME = AppIcon;
				ASSETCATALOG_COMPILER_GLOBAL_ACCENT_COLOR_NAME = AccentColor;
				CODE_SIGN_STYLE = Automatic;
				CURRENT_PROJECT_VERSION = 1;
				DEVELOPMENT_TEAM = 2H5PN3F9B6;
				ENABLE_PREVIEWS = YES;
				GENERATE_INFOPLIST_FILE = YES;
				INFOPLIST_KEY_UIApplicationSceneManifest_Generation = YES;
				INFOPLIST_KEY_UIApplicationSupportsIndirectInputEvents = YES;
				INFOPLIST_KEY_UILaunchScreen_Generation = YES;
				INFOPLIST_KEY_UISupportedInterfaceOrientations_iPad = "UIInterfaceOrientationPortrait UIInterfaceOrientationPortraitUpsideDown UIInterfaceOrientationLandscapeLeft UIInterfaceOrientationLandscapeRight";
				INFOPLIST_KEY_UISupportedInterfaceOrientations_iPhone = "UIInterfaceOrientationPortrait UIInterfaceOrientationLandscapeLeft UIInterfaceOrientationLandscapeRight";
				IPHONEOS_DEPLOYMENT_TARGET = 14.0;
				LD_RUNPATH_SEARCH_PATHS = (
					"$(inherited)",
					"@executable_path/Frameworks",
				);
				MARKETING_VERSION = 1.0;
				PRODUCT_BUNDLE_IDENTIFIER = mike.fullstack.swift.Todos;
				PRODUCT_NAME = Todos;
				SDKROOT = iphoneos;
				SWIFT_EMIT_LOC_STRINGS = YES;
				SWIFT_VERSION = 5.0;
				TARGETED_DEVICE_FAMILY = "1,2";
				VALIDATE_PRODUCT = YES;
			};
			name = Release;
		};
		87245856270603C800A88871 /* Debug */ = {
			isa = XCBuildConfiguration;
			buildSettings = {
				ASSETCATALOG_COMPILER_APPICON_NAME = AppIcon;
				ASSETCATALOG_COMPILER_GLOBAL_ACCENT_COLOR_NAME = AccentColor;
				CODE_SIGN_ENTITLEMENTS = macOS/macOS.entitlements;
				CODE_SIGN_IDENTITY = "-";
				CODE_SIGN_STYLE = Automatic;
				COMBINE_HIDPI_IMAGES = YES;
				CURRENT_PROJECT_VERSION = 1;
				DEVELOPMENT_TEAM = 2H5PN3F9B6;
				ENABLE_HARDENED_RUNTIME = YES;
				ENABLE_PREVIEWS = YES;
				GENERATE_INFOPLIST_FILE = YES;
				INFOPLIST_KEY_NSHumanReadableCopyright = "";
				LD_RUNPATH_SEARCH_PATHS = (
					"$(inherited)",
					"@executable_path/../Frameworks",
				);
				MACOSX_DEPLOYMENT_TARGET = 11.0;
				MARKETING_VERSION = 1.0;
				PRODUCT_BUNDLE_IDENTIFIER = mike.fullstack.swift.Todos;
				PRODUCT_NAME = Todos;
				SDKROOT = macosx;
				SWIFT_EMIT_LOC_STRINGS = YES;
				SWIFT_VERSION = 5.0;
			};
			name = Debug;
		};
		87245857270603C800A88871 /* Release */ = {
			isa = XCBuildConfiguration;
			buildSettings = {
				ASSETCATALOG_COMPILER_APPICON_NAME = AppIcon;
				ASSETCATALOG_COMPILER_GLOBAL_ACCENT_COLOR_NAME = AccentColor;
				CODE_SIGN_ENTITLEMENTS = macOS/macOS.entitlements;
				CODE_SIGN_IDENTITY = "-";
				CODE_SIGN_STYLE = Automatic;
				COMBINE_HIDPI_IMAGES = YES;
				CURRENT_PROJECT_VERSION = 1;
				DEVELOPMENT_TEAM = 2H5PN3F9B6;
				ENABLE_HARDENED_RUNTIME = YES;
				ENABLE_PREVIEWS = YES;
				GENERATE_INFOPLIST_FILE = YES;
				INFOPLIST_KEY_NSHumanReadableCopyright = "";
				LD_RUNPATH_SEARCH_PATHS = (
					"$(inherited)",
					"@executable_path/../Frameworks",
				);
				MACOSX_DEPLOYMENT_TARGET = 11.0;
				MARKETING_VERSION = 1.0;
				PRODUCT_BUNDLE_IDENTIFIER = mike.fullstack.swift.Todos;
				PRODUCT_NAME = Todos;
				SDKROOT = macosx;
				SWIFT_EMIT_LOC_STRINGS = YES;
				SWIFT_VERSION = 5.0;
			};
			name = Release;
		};
/* End XCBuildConfiguration section */

/* Begin XCConfigurationList section */
		87245838270603C600A88871 /* Build configuration list for PBXProject "Todos" */ = {
			isa = XCConfigurationList;
			buildConfigurations = (
				87245850270603C800A88871 /* Debug */,
				87245851270603C800A88871 /* Release */,
			);
			defaultConfigurationIsVisible = 0;
			defaultConfigurationName = Release;
		};
		87245852270603C800A88871 /* Build configuration list for PBXNativeTarget "Todos (iOS)" */ = {
			isa = XCConfigurationList;
			buildConfigurations = (
				87245853270603C800A88871 /* Debug */,
				87245854270603C800A88871 /* Release */,
			);
			defaultConfigurationIsVisible = 0;
			defaultConfigurationName = Release;
		};
		87245855270603C800A88871 /* Build configuration list for PBXNativeTarget "Todos (macOS)" */ = {
			isa = XCConfigurationList;
			buildConfigurations = (
				87245856270603C800A88871 /* Debug */,
				87245857270603C800A88871 /* Release */,
			);
			defaultConfigurationIsVisible = 0;
			defaultConfigurationName = Release;
		};
/* End XCConfigurationList section */

/* Begin XCRemoteSwiftPackageReference section */
		875BCFB12710EAD50015E662 /* XCRemoteSwiftPackageReference "AnyRequest" */ = {
			isa = XCRemoteSwiftPackageReference;
			repositoryURL = "https://github.com/FullStack-Swift/AnyRequest";
			requirement = {
				branch = main;
				kind = branch;
			};
		};
		875BCFB42710EAEF0015E662 /* XCRemoteSwiftPackageReference "SwiftConvert" */ = {
			isa = XCRemoteSwiftPackageReference;
			repositoryURL = "https://github.com/FullStack-Swift/SwiftConvert";
			requirement = {
				branch = main;
				kind = branch;
			};
		};
		875BCFB72710EB0C0015E662 /* XCRemoteSwiftPackageReference "Json" */ = {
			isa = XCRemoteSwiftPackageReference;
			repositoryURL = "https://github.com/FullStack-Swift/Json";
			requirement = {
				branch = main;
				kind = branch;
			};
		};
/* End XCRemoteSwiftPackageReference section */

/* Begin XCSwiftPackageProductDependency section */
		875BCFB22710EAD50015E662 /* AnyRequest */ = {
			isa = XCSwiftPackageProductDependency;
			package = 875BCFB12710EAD50015E662 /* XCRemoteSwiftPackageReference "AnyRequest" */;
			productName = AnyRequest;
		};
		875BCFB52710EAEF0015E662 /* ConvertSwift */ = {
			isa = XCSwiftPackageProductDependency;
			package = 875BCFB42710EAEF0015E662 /* XCRemoteSwiftPackageReference "SwiftConvert" */;
			productName = ConvertSwift;
		};
		875BCFB82710EB0C0015E662 /* Json */ = {
			isa = XCSwiftPackageProductDependency;
			package = 875BCFB72710EB0C0015E662 /* XCRemoteSwiftPackageReference "Json" */;
			productName = Json;
		};
		875BCFBA2710ED8E0015E662 /* AnyRequest */ = {
			isa = XCSwiftPackageProductDependency;
			package = 875BCFB12710EAD50015E662 /* XCRemoteSwiftPackageReference "AnyRequest" */;
			productName = AnyRequest;
		};
		875BCFBC2710ED8E0015E662 /* ConvertSwift */ = {
			isa = XCSwiftPackageProductDependency;
			package = 875BCFB42710EAEF0015E662 /* XCRemoteSwiftPackageReference "SwiftConvert" */;
			productName = ConvertSwift;
		};
		875BCFBE2710ED8E0015E662 /* Json */ = {
			isa = XCSwiftPackageProductDependency;
			package = 875BCFB72710EB0C0015E662 /* XCRemoteSwiftPackageReference "Json" */;
			productName = Json;
		};
		876953892706078100EB9008 /* ComposableArchitecture */ = {
			isa = XCSwiftPackageProductDependency;
			productName = ComposableArchitecture;
		};
		8769538B2706078600EB9008 /* ComposableArchitecture */ = {
			isa = XCSwiftPackageProductDependency;
			productName = ComposableArchitecture;
		};
/* End XCSwiftPackageProductDependency section */
	};
	rootObject = 87245835270603C600A88871 /* Project object */;
}
